
Microsoft Visual Studio Solution File, Format Version 12.00
# Visual Studio Version 16
VisualStudioVersion = 16.0.809.6
MinimumVisualStudioVersion = 10.0.40219.1
Project("{FAE04EC0-301F-11D3-BF4B-00C04F79EFBC}") = "TGR3a", "TGR3a.csproj", "{0B48DE67-4598-414A-AD47-91FCDA23A0D3}"
EndProject
Global
	GlobalSection(SolutionConfigurationPlatforms) = preSolution
		Debug|Any CPU = Debug|Any CPU
		Release|Any CPU = Release|Any CPU
	EndGlobalSection
	GlobalSection(ProjectConfigurationPlatforms) = postSolution
		{0B48DE67-4598-414A-AD47-91FCDA23A0D3}.Debug|Any CPU.ActiveCfg = Debug|Any CPU
		{0B48DE67-4598-414A-AD47-91FCDA23A0D3}.Debug|Any CPU.Build.0 = Debug|Any CPU
		{0B48DE67-4598-414A-AD47-91FCDA23A0D3}.Release|Any CPU.ActiveCfg = Release|Any CPU
		{0B48DE67-4598-414A-AD47-91FCDA23A0D3}.Release|Any CPU.Build.0 = Release|Any CPU
	EndGlobalSection
	GlobalSection(SolutionProperties) = preSolution
		HideSolutionNode = FALSE
	EndGlobalSection
	GlobalSection(ExtensibilityGlobals) = postSolution
		SolutionGuid = {AA30596C-E833-41C0-BAB3-B23245B1CF81}
	EndGlobalSection
EndGlobal
